
Microsoft Visual Studio Solution File, Format Version 12.00
# Visual Studio Version 17
VisualStudioVersion = 17.8.34525.116
MinimumVisualStudioVersion = 10.0.40219.1
Project("{FAE04EC0-301F-11D3-BF4B-00C04F79EFBC}") = "Entities", "Entities\Entities.csproj", "{F21507B3-DE37-4D06-9C4F-BECA1DF357FE}"
EndProject
Project("{FAE04EC0-301F-11D3-BF4B-00C04F79EFBC}") = "DataAccess", "DataAccess\DataAccess.csproj", "{7FF6A9A4-71F9-493A-8315-FB472BDDBAEE}"
EndProject
Project("{FAE04EC0-301F-11D3-BF4B-00C04F79EFBC}") = "Business", "Business\Business.csproj", "{94D20CA4-CDA9-4116-8465-B5BEFA2632E3}"
EndProject
Project("{FAE04EC0-301F-11D3-BF4B-00C04F79EFBC}") = "Core", "Core\Core.csproj", "{E719F319-F476-45C0-BB73-6A0215E585C1}"
EndProject
Project("{FAE04EC0-301F-11D3-BF4B-00C04F79EFBC}") = "WebAPI", "WebAPI\WebAPI.csproj", "{FD252DA8-E4E4-45DC-B7D6-2F882DFA8620}"
EndProject
Global
	GlobalSection(SolutionConfigurationPlatforms) = preSolution
		Debug|Any CPU = Debug|Any CPU
		Release|Any CPU = Release|Any CPU
	EndGlobalSection
	GlobalSection(ProjectConfigurationPlatforms) = postSolution
		{F21507B3-DE37-4D06-9C4F-BECA1DF357FE}.Debug|Any CPU.ActiveCfg = Debug|Any CPU
		{F21507B3-DE37-4D06-9C4F-BECA1DF357FE}.Debug|Any CPU.Build.0 = Debug|Any CPU
		{F21507B3-DE37-4D06-9C4F-BECA1DF357FE}.Release|Any CPU.ActiveCfg = Release|Any CPU
		{F21507B3-DE37-4D06-9C4F-BECA1DF357FE}.Release|Any CPU.Build.0 = Release|Any CPU
		{7FF6A9A4-71F9-493A-8315-FB472BDDBAEE}.Debug|Any CPU.ActiveCfg = Debug|Any CPU
		{7FF6A9A4-71F9-493A-8315-FB472BDDBAEE}.Debug|Any CPU.Build.0 = Debug|Any CPU
		{7FF6A9A4-71F9-493A-8315-FB472BDDBAEE}.Release|Any CPU.ActiveCfg = Release|Any CPU
		{7FF6A9A4-71F9-493A-8315-FB472BDDBAEE}.Release|Any CPU.Build.0 = Release|Any CPU
		{94D20CA4-CDA9-4116-8465-B5BEFA2632E3}.Debug|Any CPU.ActiveCfg = Debug|Any CPU
		{94D20CA4-CDA9-4116-8465-B5BEFA2632E3}.Debug|Any CPU.Build.0 = Debug|Any CPU
		{94D20CA4-CDA9-4116-8465-B5BEFA2632E3}.Release|Any CPU.ActiveCfg = Release|Any CPU
		{94D20CA4-CDA9-4116-8465-B5BEFA2632E3}.Release|Any CPU.Build.0 = Release|Any CPU
		{E719F319-F476-45C0-BB73-6A0215E585C1}.Debug|Any CPU.ActiveCfg = Debug|Any CPU
		{E719F319-F476-45C0-BB73-6A0215E585C1}.Debug|Any CPU.Build.0 = Debug|Any CPU
		{E719F319-F476-45C0-BB73-6A0215E585C1}.Release|Any CPU.ActiveCfg = Release|Any CPU
		{E719F319-F476-45C0-BB73-6A0215E585C1}.Release|Any CPU.Build.0 = Release|Any CPU
		{FD252DA8-E4E4-45DC-B7D6-2F882DFA8620}.Debug|Any CPU.ActiveCfg = Debug|Any CPU
		{FD252DA8-E4E4-45DC-B7D6-2F882DFA8620}.Debug|Any CPU.Build.0 = Debug|Any CPU
		{FD252DA8-E4E4-45DC-B7D6-2F882DFA8620}.Release|Any CPU.ActiveCfg = Release|Any CPU
		{FD252DA8-E4E4-45DC-B7D6-2F882DFA8620}.Release|Any CPU.Build.0 = Release|Any CPU
	EndGlobalSection
	GlobalSection(SolutionProperties) = preSolution
		HideSolutionNode = FALSE
	EndGlobalSection
	GlobalSection(ExtensibilityGlobals) = postSolution
		SolutionGuid = {561D7143-ED30-471E-83B2-575AE492E92C}
	EndGlobalSection
EndGlobal
